
Microsoft Visual Studio Solution File, Format Version 12.00
Project("{FAE04EC0-301F-11D3-BF4B-00C04F79EFBC}") = "DndOnline", "DndOnline\DndOnline.csproj", "{8D322CFD-BA06-4B40-B71D-3668DB9EB6D9}"
EndProject
Project("{FAE04EC0-301F-11D3-BF4B-00C04F79EFBC}") = "AuthService", "AuthService\AuthService.csproj", "{DD6C3D14-0FF1-46D8-B81B-E5972A61953C}"
EndProject
Global
	GlobalSection(SolutionConfigurationPlatforms) = preSolution
		Debug|Any CPU = Debug|Any CPU
		Release|Any CPU = Release|Any CPU
	EndGlobalSection
	GlobalSection(ProjectConfigurationPlatforms) = postSolution
		{8D322CFD-BA06-4B40-B71D-3668DB9EB6D9}.Debug|Any CPU.ActiveCfg = Debug|Any CPU
		{8D322CFD-BA06-4B40-B71D-3668DB9EB6D9}.Debug|Any CPU.Build.0 = Debug|Any CPU
		{8D322CFD-BA06-4B40-B71D-3668DB9EB6D9}.Release|Any CPU.ActiveCfg = Release|Any CPU
		{8D322CFD-BA06-4B40-B71D-3668DB9EB6D9}.Release|Any CPU.Build.0 = Release|Any CPU
		{DD6C3D14-0FF1-46D8-B81B-E5972A61953C}.Debug|Any CPU.ActiveCfg = Debug|Any CPU
		{DD6C3D14-0FF1-46D8-B81B-E5972A61953C}.Debug|Any CPU.Build.0 = Debug|Any CPU
		{DD6C3D14-0FF1-46D8-B81B-E5972A61953C}.Release|Any CPU.ActiveCfg = Release|Any CPU
		{DD6C3D14-0FF1-46D8-B81B-E5972A61953C}.Release|Any CPU.Build.0 = Release|Any CPU
	EndGlobalSection
EndGlobal
